
Microsoft Visual Studio Solution File, Format Version 12.00
# Visual Studio Version 17
VisualStudioVersion = 17.12.35527.113
MinimumVisualStudioVersion = 10.0.40219.1
Project("{2150E333-8FDC-42A3-9474-1A3956D46DE8}") = "src", "src", "{E09A9C13-3842-4E2F-925A-305991706A6B}"
EndProject
Project("{2150E333-8FDC-42A3-9474-1A3956D46DE8}") = "Basics", "Basics", "{356E900C-313E-4043-8204-5D3282A9BB78}"
EndProject
Project("{2150E333-8FDC-42A3-9474-1A3956D46DE8}") = "LinkedList", "LinkedList", "{BD1E9081-4CBB-4D5B-85EF-0387AB44DADC}"
EndProject
Project("{FAE04EC0-301F-11D3-BF4B-00C04F79EFBC}") = "DSA.Basics.SingleLinkedList", "Basics\LinkedList\DSA.Basics.SingleLinkedList\DSA.Basics.SingleLinkedList.csproj", "{B2F19CEF-C28F-4AB7-8508-D3D1F1282D66}"
EndProject
Project("{FAE04EC0-301F-11D3-BF4B-00C04F79EFBC}") = "DSA.Basics.DoubleLinkedList", "Basics\LinkedList\DSA.Basics.DoubleLinkedList\DSA.Basics.DoubleLinkedList.csproj", "{667D526F-3B7F-4695-B5E0-143A63D96E7E}"
EndProject
Project("{FAE04EC0-301F-11D3-BF4B-00C04F79EFBC}") = "DSA.Basics.CircularLinkedList", "Basics\LinkedList\DSA.Basics.CircularLinkedList\DSA.Basics.CircularLinkedList.csproj", "{FB03B87A-E67C-41DA-BA05-29B39AC3969D}"
EndProject
Project("{FAE04EC0-301F-11D3-BF4B-00C04F79EFBC}") = "DSA.Basics.HeaderLinkedListProject", "Basics\LinkedList\DSA.Basics.HeaderLinkedListProject\DSA.Basics.HeaderLinkedListProject.csproj", "{7B2E24F8-5998-46B6-9DC3-EB89E87D2B86}"
EndProject
Project("{FAE04EC0-301F-11D3-BF4B-00C04F79EFBC}") = "DSA.Basics.SortedLinkedListProject", "Basics\LinkedList\DSA.Basics.SortedLinkedListProject\DSA.Basics.SortedLinkedListProject.csproj", "{D446D51E-0E0C-495D-A05C-5543EEAFBF32}"
EndProject
Project("{2150E333-8FDC-42A3-9474-1A3956D46DE8}") = "Stack", "Stack", "{3AF81D77-4A51-43ED-BB03-A495B6FBABFF}"
EndProject
Project("{FAE04EC0-301F-11D3-BF4B-00C04F79EFBC}") = "DSA.Basics.StackArrayProject", "Basics\Stack\DSA.Basics.StackArrayProject\DSA.Basics.StackArrayProject.csproj", "{B2BF3443-AC8D-4843-8B3E-EDF5FE040E84}"
EndProject
Project("{FAE04EC0-301F-11D3-BF4B-00C04F79EFBC}") = "DSA.Basics.StackLinkedListProject", "Basics\Stack\DSA.Basics.StackLinkedListProject\DSA.Basics.StackLinkedListProject.csproj", "{B0380E7E-E649-401C-9084-B82B8A2695E3}"
EndProject
Project("{2150E333-8FDC-42A3-9474-1A3956D46DE8}") = "Queue", "Queue", "{2AD6DDC9-04C8-4E3D-95BA-CC6EFC220EC4}"
EndProject
Project("{FAE04EC0-301F-11D3-BF4B-00C04F79EFBC}") = "DSA.Basics.QueueArrayProject", "Basics\Queue\DSA.Basics.QueueArrayProject\DSA.Basics.QueueArrayProject.csproj", "{C1AFDB50-0509-4937-8EBA-B25F767425E9}"
EndProject
Project("{FAE04EC0-301F-11D3-BF4B-00C04F79EFBC}") = "DSA.Basics.QueueLinkedListProject", "Basics\Queue\DSA.Basics.QueueLinkedListProject\DSA.Basics.QueueLinkedListProject.csproj", "{411BF58B-3550-4A2A-8FEA-F825F88A6FCC}"
EndProject
Project("{FAE04EC0-301F-11D3-BF4B-00C04F79EFBC}") = "DSA.Basics.QueueUsingCircularLinkedListProject", "Basics\Queue\DSA.Basics.QueueUsingCircularLinkedListProject\DSA.Basics.QueueUsingCircularLinkedListProject.csproj", "{7ACCE7BF-95F6-469C-A944-CF8229CE5BA6}"
EndProject
Project("{FAE04EC0-301F-11D3-BF4B-00C04F79EFBC}") = "DSA.Basics.CircularQueueArrayProject", "Basics\Queue\DSA.Basics.CircularQueueArrayProject\DSA.Basics.CircularQueueArrayProject.csproj", "{08425AEC-22DF-465A-8328-3FC5EB8998DA}"
EndProject
Project("{FAE04EC0-301F-11D3-BF4B-00C04F79EFBC}") = "DSA.Basics.DoubleEndedQueueUsingArrayProject", "Basics\Queue\DSA.Basics.DoubleEndedQueueUsingArrayProject\DSA.Basics.DoubleEndedQueueUsingArrayProject.csproj", "{1A0419FE-512F-42B3-BCD2-B89BDEF36CE8}"
EndProject
Project("{FAE04EC0-301F-11D3-BF4B-00C04F79EFBC}") = "DSA.Basics.PriorityQueueUsingLinkedListProject", "Basics\Queue\DSA.Basics.PriorityQueueUsingLinkedListProject\DSA.Basics.PriorityQueueUsingLinkedListProject.csproj", "{D6DA5E6B-4913-4438-AB80-D5229F7157E7}"
EndProject
Project("{FAE04EC0-301F-11D3-BF4B-00C04F79EFBC}") = "DSA.Basics.ParenthesisProject", "Basics\Stack\DSA.Basics.ParenthesisProject\DSA.Basics.ParenthesisProject.csproj", "{E7377D08-0AB3-4BAD-AC3F-710B50BA531C}"
EndProject
Project("{FAE04EC0-301F-11D3-BF4B-00C04F79EFBC}") = "DSA.Basics.PostfixProject", "Basics\Stack\DSA.Basics.PostfixProject\DSA.Basics.PostfixProject.csproj", "{D223ABFA-5327-405B-8DF5-1AFF2A2F587A}"
EndProject
Project("{FAE04EC0-301F-11D3-BF4B-00C04F79EFBC}") = "DSA.Basics.Factorial", "Basics\Recursion\DSA.Basics.Factorial\DSA.Basics.Factorial.csproj", "{60172B44-7DFF-4EDF-872C-D1A80C4B8166}"
EndProject
Project("{2150E333-8FDC-42A3-9474-1A3956D46DE8}") = "Recursion", "Recursion", "{9FDD7FFF-1163-4287-8C5A-F52EB7018033}"
EndProject
Project("{FAE04EC0-301F-11D3-BF4B-00C04F79EFBC}") = "DSA.Basics.SumOfDigits", "Basics\Recursion\DSA.Basics.SumOfDigits\DSA.Basics.SumOfDigits.csproj", "{11B278E8-C397-4C1B-A028-82CDF72F3B89}"
EndProject
Project("{FAE04EC0-301F-11D3-BF4B-00C04F79EFBC}") = "DSA.Basics.Display1toNDigits", "Basics\Recursion\DSA.Basics.Display1toNDigits\DSA.Basics.Display1toNDigits.csproj", "{630B2C54-88A0-495A-96C7-4F161E2EF1EC}"
EndProject
Project("{FAE04EC0-301F-11D3-BF4B-00C04F79EFBC}") = "DSA.Basics.BaseConversion", "Basics\Recursion\DSA.Basics.BaseConversion\DSA.Basics.BaseConversion.csproj", "{98CBF9D0-3DDC-4932-8F4B-259603EA7B8C}"
EndProject
Project("{FAE04EC0-301F-11D3-BF4B-00C04F79EFBC}") = "DSA.Basics.Exponentiation", "Basics\Recursion\DSA.Basics.Exponentiation\DSA.Basics.Exponentiation.csproj", "{72F9C4A2-3E83-49F7-8A75-31378A0711EB}"
EndProject
Project("{FAE04EC0-301F-11D3-BF4B-00C04F79EFBC}") = "DSA.Basics.EuclideanAlgorithm", "Basics\Recursion\DSA.Basics.EuclideanAlgorithm\DSA.Basics.EuclideanAlgorithm.csproj", "{0E46BDFA-EB5C-48C1-9554-52FBA262BA8D}"
EndProject
Project("{FAE04EC0-301F-11D3-BF4B-00C04F79EFBC}") = "DSA.Basics.Fibonacci", "Basics\Recursion\DSA.Basics.Fibonacci\DSA.Basics.Fibonacci.csproj", "{1CE7947D-3062-4829-9CA2-5F58A34B2214}"
EndProject
Project("{FAE04EC0-301F-11D3-BF4B-00C04F79EFBC}") = "DSA.Basics.TowerofHanoi", "Basics\Recursion\DSA.Basics.TowerofHanoi\DSA.Basics.TowerofHanoi.csproj", "{88531697-327C-4136-BDC7-1906282D71EF}"
EndProject
Project("{2150E333-8FDC-42A3-9474-1A3956D46DE8}") = "Tree", "Tree", "{B13F246B-5F64-4783-81A4-6604BB325784}"
EndProject
Project("{FAE04EC0-301F-11D3-BF4B-00C04F79EFBC}") = "DSA.Basics.BinaryTreeProject", "Basics\Tree\DSA.Basics.BinaryTreeProject\DSA.Basics.BinaryTreeProject.csproj", "{E0684227-7465-4604-8D82-43D7FC7747A8}"
EndProject
Project("{FAE04EC0-301F-11D3-BF4B-00C04F79EFBC}") = "DSA.Basics.BinarySearchTreeProject", "Basics\Tree\DSA.Basics.BinarySearchTreeProject\DSA.Basics.BinarySearchTreeProject.csproj", "{390F5F37-883C-4DDB-A3AA-E8FA061116BC}"
EndProject
Project("{2150E333-8FDC-42A3-9474-1A3956D46DE8}") = "Heap", "Heap", "{ABD68505-6910-4FDD-9F1D-CFEE9B657D07}"
EndProject
Project("{FAE04EC0-301F-11D3-BF4B-00C04F79EFBC}") = "DSA.Basics.HeapProject", "Basics\Heap\DSA.Basics.HeapProject\DSA.Basics.HeapProject.csproj", "{66FD8A53-B574-41AC-816E-8876042F572B}"
EndProject
Project("{FAE04EC0-301F-11D3-BF4B-00C04F79EFBC}") = "DSA.Basics.BuildHeapProject", "Basics\Heap\DSA.Basics.BuildHeapProject\DSA.Basics.BuildHeapProject.csproj", "{440801CD-766F-4FF4-A603-D50B753FCD92}"
EndProject
Project("{2150E333-8FDC-42A3-9474-1A3956D46DE8}") = "Sorting", "Sorting", "{99A473BD-5DD3-4022-8151-7D8EDDEE0866}"
EndProject
Project("{FAE04EC0-301F-11D3-BF4B-00C04F79EFBC}") = "DSA.Basics.SelectionSort", "Basics\Sorting\DSA.Basics.SelectionSort\DSA.Basics.SelectionSort.csproj", "{4E0BCA01-7BAC-404B-84E8-9D53C93D33FD}"
EndProject
Project("{FAE04EC0-301F-11D3-BF4B-00C04F79EFBC}") = "DSA.Basics.BubbleSort", "Basics\Sorting\DSA.Basics.BubbleSort\DSA.Basics.BubbleSort.csproj", "{BAF37620-407F-4154-8C4F-BE62394A474C}"
EndProject
Project("{FAE04EC0-301F-11D3-BF4B-00C04F79EFBC}") = "DSA.Basics.InsertionSort", "Basics\Sorting\DSA.Basics.InsertionSort\DSA.Basics.InsertionSort.csproj", "{CA6FF757-DE36-48A8-AFEE-71707DA2EB30}"
EndProject
Project("{FAE04EC0-301F-11D3-BF4B-00C04F79EFBC}") = "DSA.Basics.ShellSort", "Basics\Sorting\DSA.Basics.ShellSort\DSA.Basics.ShellSort.csproj", "{0B8CBD53-481C-4BA2-9F3E-6CA6776F34CE}"
EndProject
Project("{FAE04EC0-301F-11D3-BF4B-00C04F79EFBC}") = "DSA.Basics.MergeSort", "Basics\Sorting\DSA.Basics.MergeSort\DSA.Basics.MergeSort.csproj", "{428025E1-508F-4502-B924-A5E2C821366A}"
EndProject
Project("{FAE04EC0-301F-11D3-BF4B-00C04F79EFBC}") = "DSA.Basics.MergeSortSubArray", "Basics\Sorting\DSA.Basics.MergeSortSubArray\DSA.Basics.MergeSortSubArray.csproj", "{B6A5E255-755F-412E-8DCF-30458436E993}"
EndProject
Project("{FAE04EC0-301F-11D3-BF4B-00C04F79EFBC}") = "DSA.Basics.MergeSortRecursive", "Basics\Sorting\DSA.Basics.MergeSortRecursive\DSA.Basics.MergeSortRecursive.csproj", "{4F71CE1E-5BA1-4F20-886E-CD627FA5066F}"
EndProject
Project("{FAE04EC0-301F-11D3-BF4B-00C04F79EFBC}") = "DSA.Basics.MergeSortIterative", "Basics\Sorting\DSA.Basics.MergeSortIterative\DSA.Basics.MergeSortIterative.csproj", "{B457094C-EBB3-4DC0-AE5E-9C2A6372F7C6}"
EndProject
Project("{FAE04EC0-301F-11D3-BF4B-00C04F79EFBC}") = "DSA.Basics.QuickSort", "Basics\Sorting\DSA.Basics.QuickSort\DSA.Basics.QuickSort.csproj", "{D26C7A1A-8FCC-4491-AE04-8853BFB0886B}"
EndProject
Project("{FAE04EC0-301F-11D3-BF4B-00C04F79EFBC}") = "DSA.Basics.BinaryTreeSort", "Basics\Sorting\DSA.Basics.BinaryTreeSort\DSA.Basics.BinaryTreeSort.csproj", "{F2DD5493-D78D-4D5D-8E48-538FF4620DD9}"
EndProject
Project("{FAE04EC0-301F-11D3-BF4B-00C04F79EFBC}") = "DSA.Basics.HeapSort", "Basics\Sorting\DSA.Basics.HeapSort\DSA.Basics.HeapSort.csproj", "{911E479B-4563-413D-8BC7-91ECC1B04120}"
EndProject
Project("{FAE04EC0-301F-11D3-BF4B-00C04F79EFBC}") = "DSA.Basics.RadixSort", "Basics\Sorting\DSA.Basics.RadixSort\DSA.Basics.RadixSort.csproj", "{1A90C5E2-51D8-4BEB-98D6-876DD5AC40A0}"
EndProject
Project("{FAE04EC0-301F-11D3-BF4B-00C04F79EFBC}") = "DSA.Basics.AddressCalculationSort", "Basics\Sorting\DSA.Basics.AddressCalculationSort\DSA.Basics.AddressCalculationSort.csproj", "{D287D395-A07B-4970-8917-B1AEC30AFE8F}"
EndProject
Project("{FAE04EC0-301F-11D3-BF4B-00C04F79EFBC}") = "DSA.Basics.LinearSearch", "Basics\Searching\DSA.Basics.LinearSearch\DSA.Basics.LinearSearch.csproj", "{B87E5A63-6105-421A-A203-B25AB16198FC}"
EndProject
Project("{2150E333-8FDC-42A3-9474-1A3956D46DE8}") = "Searching", "Searching", "{3C1096F8-0A07-4185-8668-F7B655AB7384}"
EndProject
Project("{FAE04EC0-301F-11D3-BF4B-00C04F79EFBC}") = "DSA.Basics.LinearSearchWithSentinel", "Basics\Searching\DSA.Basics.LinearSearchWithSentinel\DSA.Basics.LinearSearchWithSentinel.csproj", "{321888FB-CD0F-4956-8DEB-07058EAA5E14}"
EndProject
Project("{FAE04EC0-301F-11D3-BF4B-00C04F79EFBC}") = "DSA.Basics.LinearSearchWithSortedArray", "Basics\Searching\DSA.Basics.LinearSearchWithSortedArray\DSA.Basics.LinearSearchWithSortedArray.csproj", "{B4D4A6D7-9C94-43D2-A496-53396CD78C7B}"
EndProject
Project("{FAE04EC0-301F-11D3-BF4B-00C04F79EFBC}") = "DSA.Basics.BinarySearch", "Basics\Searching\DSA.Basics.BinarySearch\DSA.Basics.BinarySearch.csproj", "{5DE2538A-0D1E-4891-A53C-0E0843E165E6}"
EndProject
Project("{FAE04EC0-301F-11D3-BF4B-00C04F79EFBC}") = "DSA.Basics.BinarySearchRecursive", "Basics\Searching\DSA.Basics.BinarySearchRecursive\DSA.Basics.BinarySearchRecursive.csproj", "{476126E7-B4BE-42B9-8465-768EAE2CB7A5}"
EndProject
Global
	GlobalSection(SolutionConfigurationPlatforms) = preSolution
		Debug|Any CPU = Debug|Any CPU
		Release|Any CPU = Release|Any CPU
	EndGlobalSection
	GlobalSection(ProjectConfigurationPlatforms) = postSolution
		{B2F19CEF-C28F-4AB7-8508-D3D1F1282D66}.Debug|Any CPU.ActiveCfg = Debug|Any CPU
		{B2F19CEF-C28F-4AB7-8508-D3D1F1282D66}.Debug|Any CPU.Build.0 = Debug|Any CPU
		{B2F19CEF-C28F-4AB7-8508-D3D1F1282D66}.Release|Any CPU.ActiveCfg = Release|Any CPU
		{B2F19CEF-C28F-4AB7-8508-D3D1F1282D66}.Release|Any CPU.Build.0 = Release|Any CPU
		{667D526F-3B7F-4695-B5E0-143A63D96E7E}.Debug|Any CPU.ActiveCfg = Debug|Any CPU
		{667D526F-3B7F-4695-B5E0-143A63D96E7E}.Debug|Any CPU.Build.0 = Debug|Any CPU
		{667D526F-3B7F-4695-B5E0-143A63D96E7E}.Release|Any CPU.ActiveCfg = Release|Any CPU
		{667D526F-3B7F-4695-B5E0-143A63D96E7E}.Release|Any CPU.Build.0 = Release|Any CPU
		{FB03B87A-E67C-41DA-BA05-29B39AC3969D}.Debug|Any CPU.ActiveCfg = Debug|Any CPU
		{FB03B87A-E67C-41DA-BA05-29B39AC3969D}.Debug|Any CPU.Build.0 = Debug|Any CPU
		{FB03B87A-E67C-41DA-BA05-29B39AC3969D}.Release|Any CPU.ActiveCfg = Release|Any CPU
		{FB03B87A-E67C-41DA-BA05-29B39AC3969D}.Release|Any CPU.Build.0 = Release|Any CPU
		{7B2E24F8-5998-46B6-9DC3-EB89E87D2B86}.Debug|Any CPU.ActiveCfg = Debug|Any CPU
		{7B2E24F8-5998-46B6-9DC3-EB89E87D2B86}.Debug|Any CPU.Build.0 = Debug|Any CPU
		{7B2E24F8-5998-46B6-9DC3-EB89E87D2B86}.Release|Any CPU.ActiveCfg = Release|Any CPU
		{7B2E24F8-5998-46B6-9DC3-EB89E87D2B86}.Release|Any CPU.Build.0 = Release|Any CPU
		{D446D51E-0E0C-495D-A05C-5543EEAFBF32}.Debug|Any CPU.ActiveCfg = Debug|Any CPU
		{D446D51E-0E0C-495D-A05C-5543EEAFBF32}.Debug|Any CPU.Build.0 = Debug|Any CPU
		{D446D51E-0E0C-495D-A05C-5543EEAFBF32}.Release|Any CPU.ActiveCfg = Release|Any CPU
		{D446D51E-0E0C-495D-A05C-5543EEAFBF32}.Release|Any CPU.Build.0 = Release|Any CPU
		{B2BF3443-AC8D-4843-8B3E-EDF5FE040E84}.Debug|Any CPU.ActiveCfg = Debug|Any CPU
		{B2BF3443-AC8D-4843-8B3E-EDF5FE040E84}.Debug|Any CPU.Build.0 = Debug|Any CPU
		{B2BF3443-AC8D-4843-8B3E-EDF5FE040E84}.Release|Any CPU.ActiveCfg = Release|Any CPU
		{B2BF3443-AC8D-4843-8B3E-EDF5FE040E84}.Release|Any CPU.Build.0 = Release|Any CPU
		{B0380E7E-E649-401C-9084-B82B8A2695E3}.Debug|Any CPU.ActiveCfg = Debug|Any CPU
		{B0380E7E-E649-401C-9084-B82B8A2695E3}.Debug|Any CPU.Build.0 = Debug|Any CPU
		{B0380E7E-E649-401C-9084-B82B8A2695E3}.Release|Any CPU.ActiveCfg = Release|Any CPU
		{B0380E7E-E649-401C-9084-B82B8A2695E3}.Release|Any CPU.Build.0 = Release|Any CPU
		{C1AFDB50-0509-4937-8EBA-B25F767425E9}.Debug|Any CPU.ActiveCfg = Debug|Any CPU
		{C1AFDB50-0509-4937-8EBA-B25F767425E9}.Debug|Any CPU.Build.0 = Debug|Any CPU
		{C1AFDB50-0509-4937-8EBA-B25F767425E9}.Release|Any CPU.ActiveCfg = Release|Any CPU
		{C1AFDB50-0509-4937-8EBA-B25F767425E9}.Release|Any CPU.Build.0 = Release|Any CPU
		{411BF58B-3550-4A2A-8FEA-F825F88A6FCC}.Debug|Any CPU.ActiveCfg = Debug|Any CPU
		{411BF58B-3550-4A2A-8FEA-F825F88A6FCC}.Debug|Any CPU.Build.0 = Debug|Any CPU
		{411BF58B-3550-4A2A-8FEA-F825F88A6FCC}.Release|Any CPU.ActiveCfg = Release|Any CPU
		{411BF58B-3550-4A2A-8FEA-F825F88A6FCC}.Release|Any CPU.Build.0 = Release|Any CPU
		{7ACCE7BF-95F6-469C-A944-CF8229CE5BA6}.Debug|Any CPU.ActiveCfg = Debug|Any CPU
		{7ACCE7BF-95F6-469C-A944-CF8229CE5BA6}.Debug|Any CPU.Build.0 = Debug|Any CPU
		{7ACCE7BF-95F6-469C-A944-CF8229CE5BA6}.Release|Any CPU.ActiveCfg = Release|Any CPU
		{7ACCE7BF-95F6-469C-A944-CF8229CE5BA6}.Release|Any CPU.Build.0 = Release|Any CPU
		{08425AEC-22DF-465A-8328-3FC5EB8998DA}.Debug|Any CPU.ActiveCfg = Debug|Any CPU
		{08425AEC-22DF-465A-8328-3FC5EB8998DA}.Debug|Any CPU.Build.0 = Debug|Any CPU
		{08425AEC-22DF-465A-8328-3FC5EB8998DA}.Release|Any CPU.ActiveCfg = Release|Any CPU
		{08425AEC-22DF-465A-8328-3FC5EB8998DA}.Release|Any CPU.Build.0 = Release|Any CPU
		{1A0419FE-512F-42B3-BCD2-B89BDEF36CE8}.Debug|Any CPU.ActiveCfg = Debug|Any CPU
		{1A0419FE-512F-42B3-BCD2-B89BDEF36CE8}.Debug|Any CPU.Build.0 = Debug|Any CPU
		{1A0419FE-512F-42B3-BCD2-B89BDEF36CE8}.Release|Any CPU.ActiveCfg = Release|Any CPU
		{1A0419FE-512F-42B3-BCD2-B89BDEF36CE8}.Release|Any CPU.Build.0 = Release|Any CPU
		{D6DA5E6B-4913-4438-AB80-D5229F7157E7}.Debug|Any CPU.ActiveCfg = Debug|Any CPU
		{D6DA5E6B-4913-4438-AB80-D5229F7157E7}.Debug|Any CPU.Build.0 = Debug|Any CPU
		{D6DA5E6B-4913-4438-AB80-D5229F7157E7}.Release|Any CPU.ActiveCfg = Release|Any CPU
		{D6DA5E6B-4913-4438-AB80-D5229F7157E7}.Release|Any CPU.Build.0 = Release|Any CPU
		{E7377D08-0AB3-4BAD-AC3F-710B50BA531C}.Debug|Any CPU.ActiveCfg = Debug|Any CPU
		{E7377D08-0AB3-4BAD-AC3F-710B50BA531C}.Debug|Any CPU.Build.0 = Debug|Any CPU
		{E7377D08-0AB3-4BAD-AC3F-710B50BA531C}.Release|Any CPU.ActiveCfg = Release|Any CPU
		{E7377D08-0AB3-4BAD-AC3F-710B50BA531C}.Release|Any CPU.Build.0 = Release|Any CPU
		{D223ABFA-5327-405B-8DF5-1AFF2A2F587A}.Debug|Any CPU.ActiveCfg = Debug|Any CPU
		{D223ABFA-5327-405B-8DF5-1AFF2A2F587A}.Debug|Any CPU.Build.0 = Debug|Any CPU
		{D223ABFA-5327-405B-8DF5-1AFF2A2F587A}.Release|Any CPU.ActiveCfg = Release|Any CPU
		{D223ABFA-5327-405B-8DF5-1AFF2A2F587A}.Release|Any CPU.Build.0 = Release|Any CPU
		{60172B44-7DFF-4EDF-872C-D1A80C4B8166}.Debug|Any CPU.ActiveCfg = Debug|Any CPU
		{60172B44-7DFF-4EDF-872C-D1A80C4B8166}.Debug|Any CPU.Build.0 = Debug|Any CPU
		{60172B44-7DFF-4EDF-872C-D1A80C4B8166}.Release|Any CPU.ActiveCfg = Release|Any CPU
		{60172B44-7DFF-4EDF-872C-D1A80C4B8166}.Release|Any CPU.Build.0 = Release|Any CPU
		{11B278E8-C397-4C1B-A028-82CDF72F3B89}.Debug|Any CPU.ActiveCfg = Debug|Any CPU
		{11B278E8-C397-4C1B-A028-82CDF72F3B89}.Debug|Any CPU.Build.0 = Debug|Any CPU
		{11B278E8-C397-4C1B-A028-82CDF72F3B89}.Release|Any CPU.ActiveCfg = Release|Any CPU
		{11B278E8-C397-4C1B-A028-82CDF72F3B89}.Release|Any CPU.Build.0 = Release|Any CPU
		{630B2C54-88A0-495A-96C7-4F161E2EF1EC}.Debug|Any CPU.ActiveCfg = Debug|Any CPU
		{630B2C54-88A0-495A-96C7-4F161E2EF1EC}.Debug|Any CPU.Build.0 = Debug|Any CPU
		{630B2C54-88A0-495A-96C7-4F161E2EF1EC}.Release|Any CPU.ActiveCfg = Release|Any CPU
		{630B2C54-88A0-495A-96C7-4F161E2EF1EC}.Release|Any CPU.Build.0 = Release|Any CPU
		{98CBF9D0-3DDC-4932-8F4B-259603EA7B8C}.Debug|Any CPU.ActiveCfg = Debug|Any CPU
		{98CBF9D0-3DDC-4932-8F4B-259603EA7B8C}.Debug|Any CPU.Build.0 = Debug|Any CPU
		{98CBF9D0-3DDC-4932-8F4B-259603EA7B8C}.Release|Any CPU.ActiveCfg = Release|Any CPU
		{98CBF9D0-3DDC-4932-8F4B-259603EA7B8C}.Release|Any CPU.Build.0 = Release|Any CPU
		{72F9C4A2-3E83-49F7-8A75-31378A0711EB}.Debug|Any CPU.ActiveCfg = Debug|Any CPU
		{72F9C4A2-3E83-49F7-8A75-31378A0711EB}.Debug|Any CPU.Build.0 = Debug|Any CPU
		{72F9C4A2-3E83-49F7-8A75-31378A0711EB}.Release|Any CPU.ActiveCfg = Release|Any CPU
		{72F9C4A2-3E83-49F7-8A75-31378A0711EB}.Release|Any CPU.Build.0 = Release|Any CPU
		{0E46BDFA-EB5C-48C1-9554-52FBA262BA8D}.Debug|Any CPU.ActiveCfg = Debug|Any CPU
		{0E46BDFA-EB5C-48C1-9554-52FBA262BA8D}.Debug|Any CPU.Build.0 = Debug|Any CPU
		{0E46BDFA-EB5C-48C1-9554-52FBA262BA8D}.Release|Any CPU.ActiveCfg = Release|Any CPU
		{0E46BDFA-EB5C-48C1-9554-52FBA262BA8D}.Release|Any CPU.Build.0 = Release|Any CPU
		{1CE7947D-3062-4829-9CA2-5F58A34B2214}.Debug|Any CPU.ActiveCfg = Debug|Any CPU
		{1CE7947D-3062-4829-9CA2-5F58A34B2214}.Debug|Any CPU.Build.0 = Debug|Any CPU
		{1CE7947D-3062-4829-9CA2-5F58A34B2214}.Release|Any CPU.ActiveCfg = Release|Any CPU
		{1CE7947D-3062-4829-9CA2-5F58A34B2214}.Release|Any CPU.Build.0 = Release|Any CPU
		{88531697-327C-4136-BDC7-1906282D71EF}.Debug|Any CPU.ActiveCfg = Debug|Any CPU
		{88531697-327C-4136-BDC7-1906282D71EF}.Debug|Any CPU.Build.0 = Debug|Any CPU
		{88531697-327C-4136-BDC7-1906282D71EF}.Release|Any CPU.ActiveCfg = Release|Any CPU
		{88531697-327C-4136-BDC7-1906282D71EF}.Release|Any CPU.Build.0 = Release|Any CPU
		{E0684227-7465-4604-8D82-43D7FC7747A8}.Debug|Any CPU.ActiveCfg = Debug|Any CPU
		{E0684227-7465-4604-8D82-43D7FC7747A8}.Debug|Any CPU.Build.0 = Debug|Any CPU
		{E0684227-7465-4604-8D82-43D7FC7747A8}.Release|Any CPU.ActiveCfg = Release|Any CPU
		{E0684227-7465-4604-8D82-43D7FC7747A8}.Release|Any CPU.Build.0 = Release|Any CPU
		{390F5F37-883C-4DDB-A3AA-E8FA061116BC}.Debug|Any CPU.ActiveCfg = Debug|Any CPU
		{390F5F37-883C-4DDB-A3AA-E8FA061116BC}.Debug|Any CPU.Build.0 = Debug|Any CPU
		{390F5F37-883C-4DDB-A3AA-E8FA061116BC}.Release|Any CPU.ActiveCfg = Release|Any CPU
		{390F5F37-883C-4DDB-A3AA-E8FA061116BC}.Release|Any CPU.Build.0 = Release|Any CPU
		{66FD8A53-B574-41AC-816E-8876042F572B}.Debug|Any CPU.ActiveCfg = Debug|Any CPU
		{66FD8A53-B574-41AC-816E-8876042F572B}.Debug|Any CPU.Build.0 = Debug|Any CPU
		{66FD8A53-B574-41AC-816E-8876042F572B}.Release|Any CPU.ActiveCfg = Release|Any CPU
		{66FD8A53-B574-41AC-816E-8876042F572B}.Release|Any CPU.Build.0 = Release|Any CPU
		{440801CD-766F-4FF4-A603-D50B753FCD92}.Debug|Any CPU.ActiveCfg = Debug|Any CPU
		{440801CD-766F-4FF4-A603-D50B753FCD92}.Debug|Any CPU.Build.0 = Debug|Any CPU
		{440801CD-766F-4FF4-A603-D50B753FCD92}.Release|Any CPU.ActiveCfg = Release|Any CPU
		{440801CD-766F-4FF4-A603-D50B753FCD92}.Release|Any CPU.Build.0 = Release|Any CPU
		{4E0BCA01-7BAC-404B-84E8-9D53C93D33FD}.Debug|Any CPU.ActiveCfg = Debug|Any CPU
		{4E0BCA01-7BAC-404B-84E8-9D53C93D33FD}.Debug|Any CPU.Build.0 = Debug|Any CPU
		{4E0BCA01-7BAC-404B-84E8-9D53C93D33FD}.Release|Any CPU.ActiveCfg = Release|Any CPU
		{4E0BCA01-7BAC-404B-84E8-9D53C93D33FD}.Release|Any CPU.Build.0 = Release|Any CPU
		{BAF37620-407F-4154-8C4F-BE62394A474C}.Debug|Any CPU.ActiveCfg = Debug|Any CPU
		{BAF37620-407F-4154-8C4F-BE62394A474C}.Debug|Any CPU.Build.0 = Debug|Any CPU
		{BAF37620-407F-4154-8C4F-BE62394A474C}.Release|Any CPU.ActiveCfg = Release|Any CPU
		{BAF37620-407F-4154-8C4F-BE62394A474C}.Release|Any CPU.Build.0 = Release|Any CPU
		{CA6FF757-DE36-48A8-AFEE-71707DA2EB30}.Debug|Any CPU.ActiveCfg = Debug|Any CPU
		{CA6FF757-DE36-48A8-AFEE-71707DA2EB30}.Debug|Any CPU.Build.0 = Debug|Any CPU
		{CA6FF757-DE36-48A8-AFEE-71707DA2EB30}.Release|Any CPU.ActiveCfg = Release|Any CPU
		{CA6FF757-DE36-48A8-AFEE-71707DA2EB30}.Release|Any CPU.Build.0 = Release|Any CPU
		{0B8CBD53-481C-4BA2-9F3E-6CA6776F34CE}.Debug|Any CPU.ActiveCfg = Debug|Any CPU
		{0B8CBD53-481C-4BA2-9F3E-6CA6776F34CE}.Debug|Any CPU.Build.0 = Debug|Any CPU
		{0B8CBD53-481C-4BA2-9F3E-6CA6776F34CE}.Release|Any CPU.ActiveCfg = Release|Any CPU
		{0B8CBD53-481C-4BA2-9F3E-6CA6776F34CE}.Release|Any CPU.Build.0 = Release|Any CPU
		{428025E1-508F-4502-B924-A5E2C821366A}.Debug|Any CPU.ActiveCfg = Debug|Any CPU
		{428025E1-508F-4502-B924-A5E2C821366A}.Debug|Any CPU.Build.0 = Debug|Any CPU
		{428025E1-508F-4502-B924-A5E2C821366A}.Release|Any CPU.ActiveCfg = Release|Any CPU
		{428025E1-508F-4502-B924-A5E2C821366A}.Release|Any CPU.Build.0 = Release|Any CPU
		{B6A5E255-755F-412E-8DCF-30458436E993}.Debug|Any CPU.ActiveCfg = Debug|Any CPU
		{B6A5E255-755F-412E-8DCF-30458436E993}.Debug|Any CPU.Build.0 = Debug|Any CPU
		{B6A5E255-755F-412E-8DCF-30458436E993}.Release|Any CPU.ActiveCfg = Release|Any CPU
		{B6A5E255-755F-412E-8DCF-30458436E993}.Release|Any CPU.Build.0 = Release|Any CPU
		{4F71CE1E-5BA1-4F20-886E-CD627FA5066F}.Debug|Any CPU.ActiveCfg = Debug|Any CPU
		{4F71CE1E-5BA1-4F20-886E-CD627FA5066F}.Debug|Any CPU.Build.0 = Debug|Any CPU
		{4F71CE1E-5BA1-4F20-886E-CD627FA5066F}.Release|Any CPU.ActiveCfg = Release|Any CPU
		{4F71CE1E-5BA1-4F20-886E-CD627FA5066F}.Release|Any CPU.Build.0 = Release|Any CPU
		{B457094C-EBB3-4DC0-AE5E-9C2A6372F7C6}.Debug|Any CPU.ActiveCfg = Debug|Any CPU
		{B457094C-EBB3-4DC0-AE5E-9C2A6372F7C6}.Debug|Any CPU.Build.0 = Debug|Any CPU
		{B457094C-EBB3-4DC0-AE5E-9C2A6372F7C6}.Release|Any CPU.ActiveCfg = Release|Any CPU
		{B457094C-EBB3-4DC0-AE5E-9C2A6372F7C6}.Release|Any CPU.Build.0 = Release|Any CPU
		{D26C7A1A-8FCC-4491-AE04-8853BFB0886B}.Debug|Any CPU.ActiveCfg = Debug|Any CPU
		{D26C7A1A-8FCC-4491-AE04-8853BFB0886B}.Debug|Any CPU.Build.0 = Debug|Any CPU
		{D26C7A1A-8FCC-4491-AE04-8853BFB0886B}.Release|Any CPU.ActiveCfg = Release|Any CPU
		{D26C7A1A-8FCC-4491-AE04-8853BFB0886B}.Release|Any CPU.Build.0 = Release|Any CPU
		{F2DD5493-D78D-4D5D-8E48-538FF4620DD9}.Debug|Any CPU.ActiveCfg = Debug|Any CPU
		{F2DD5493-D78D-4D5D-8E48-538FF4620DD9}.Debug|Any CPU.Build.0 = Debug|Any CPU
		{F2DD5493-D78D-4D5D-8E48-538FF4620DD9}.Release|Any CPU.ActiveCfg = Release|Any CPU
		{F2DD5493-D78D-4D5D-8E48-538FF4620DD9}.Release|Any CPU.Build.0 = Release|Any CPU
		{911E479B-4563-413D-8BC7-91ECC1B04120}.Debug|Any CPU.ActiveCfg = Debug|Any CPU
		{911E479B-4563-413D-8BC7-91ECC1B04120}.Debug|Any CPU.Build.0 = Debug|Any CPU
		{911E479B-4563-413D-8BC7-91ECC1B04120}.Release|Any CPU.ActiveCfg = Release|Any CPU
		{911E479B-4563-413D-8BC7-91ECC1B04120}.Release|Any CPU.Build.0 = Release|Any CPU
		{1A90C5E2-51D8-4BEB-98D6-876DD5AC40A0}.Debug|Any CPU.ActiveCfg = Debug|Any CPU
		{1A90C5E2-51D8-4BEB-98D6-876DD5AC40A0}.Debug|Any CPU.Build.0 = Debug|Any CPU
		{1A90C5E2-51D8-4BEB-98D6-876DD5AC40A0}.Release|Any CPU.ActiveCfg = Release|Any CPU
		{1A90C5E2-51D8-4BEB-98D6-876DD5AC40A0}.Release|Any CPU.Build.0 = Release|Any CPU
		{D287D395-A07B-4970-8917-B1AEC30AFE8F}.Debug|Any CPU.ActiveCfg = Debug|Any CPU
		{D287D395-A07B-4970-8917-B1AEC30AFE8F}.Debug|Any CPU.Build.0 = Debug|Any CPU
		{D287D395-A07B-4970-8917-B1AEC30AFE8F}.Release|Any CPU.ActiveCfg = Release|Any CPU
		{D287D395-A07B-4970-8917-B1AEC30AFE8F}.Release|Any CPU.Build.0 = Release|Any CPU
		{B87E5A63-6105-421A-A203-B25AB16198FC}.Debug|Any CPU.ActiveCfg = Debug|Any CPU
		{B87E5A63-6105-421A-A203-B25AB16198FC}.Debug|Any CPU.Build.0 = Debug|Any CPU
		{B87E5A63-6105-421A-A203-B25AB16198FC}.Release|Any CPU.ActiveCfg = Release|Any CPU
		{B87E5A63-6105-421A-A203-B25AB16198FC}.Release|Any CPU.Build.0 = Release|Any CPU
		{321888FB-CD0F-4956-8DEB-07058EAA5E14}.Debug|Any CPU.ActiveCfg = Debug|Any CPU
		{321888FB-CD0F-4956-8DEB-07058EAA5E14}.Debug|Any CPU.Build.0 = Debug|Any CPU
		{321888FB-CD0F-4956-8DEB-07058EAA5E14}.Release|Any CPU.ActiveCfg = Release|Any CPU
		{321888FB-CD0F-4956-8DEB-07058EAA5E14}.Release|Any CPU.Build.0 = Release|Any CPU
		{B4D4A6D7-9C94-43D2-A496-53396CD78C7B}.Debug|Any CPU.ActiveCfg = Debug|Any CPU
		{B4D4A6D7-9C94-43D2-A496-53396CD78C7B}.Debug|Any CPU.Build.0 = Debug|Any CPU
		{B4D4A6D7-9C94-43D2-A496-53396CD78C7B}.Release|Any CPU.ActiveCfg = Release|Any CPU
		{B4D4A6D7-9C94-43D2-A496-53396CD78C7B}.Release|Any CPU.Build.0 = Release|Any CPU
		{5DE2538A-0D1E-4891-A53C-0E0843E165E6}.Debug|Any CPU.ActiveCfg = Debug|Any CPU
		{5DE2538A-0D1E-4891-A53C-0E0843E165E6}.Debug|Any CPU.Build.0 = Debug|Any CPU
		{5DE2538A-0D1E-4891-A53C-0E0843E165E6}.Release|Any CPU.ActiveCfg = Release|Any CPU
		{5DE2538A-0D1E-4891-A53C-0E0843E165E6}.Release|Any CPU.Build.0 = Release|Any CPU
		{476126E7-B4BE-42B9-8465-768EAE2CB7A5}.Debug|Any CPU.ActiveCfg = Debug|Any CPU
		{476126E7-B4BE-42B9-8465-768EAE2CB7A5}.Debug|Any CPU.Build.0 = Debug|Any CPU
		{476126E7-B4BE-42B9-8465-768EAE2CB7A5}.Release|Any CPU.ActiveCfg = Release|Any CPU
		{476126E7-B4BE-42B9-8465-768EAE2CB7A5}.Release|Any CPU.Build.0 = Release|Any CPU
	EndGlobalSection
	GlobalSection(SolutionProperties) = preSolution
		HideSolutionNode = FALSE
	EndGlobalSection
	GlobalSection(NestedProjects) = preSolution
		{356E900C-313E-4043-8204-5D3282A9BB78} = {E09A9C13-3842-4E2F-925A-305991706A6B}
		{BD1E9081-4CBB-4D5B-85EF-0387AB44DADC} = {356E900C-313E-4043-8204-5D3282A9BB78}
		{B2F19CEF-C28F-4AB7-8508-D3D1F1282D66} = {BD1E9081-4CBB-4D5B-85EF-0387AB44DADC}
		{667D526F-3B7F-4695-B5E0-143A63D96E7E} = {BD1E9081-4CBB-4D5B-85EF-0387AB44DADC}
		{FB03B87A-E67C-41DA-BA05-29B39AC3969D} = {BD1E9081-4CBB-4D5B-85EF-0387AB44DADC}
		{7B2E24F8-5998-46B6-9DC3-EB89E87D2B86} = {BD1E9081-4CBB-4D5B-85EF-0387AB44DADC}
		{D446D51E-0E0C-495D-A05C-5543EEAFBF32} = {BD1E9081-4CBB-4D5B-85EF-0387AB44DADC}
		{3AF81D77-4A51-43ED-BB03-A495B6FBABFF} = {356E900C-313E-4043-8204-5D3282A9BB78}
		{B2BF3443-AC8D-4843-8B3E-EDF5FE040E84} = {3AF81D77-4A51-43ED-BB03-A495B6FBABFF}
		{B0380E7E-E649-401C-9084-B82B8A2695E3} = {3AF81D77-4A51-43ED-BB03-A495B6FBABFF}
		{2AD6DDC9-04C8-4E3D-95BA-CC6EFC220EC4} = {356E900C-313E-4043-8204-5D3282A9BB78}
		{C1AFDB50-0509-4937-8EBA-B25F767425E9} = {2AD6DDC9-04C8-4E3D-95BA-CC6EFC220EC4}
		{411BF58B-3550-4A2A-8FEA-F825F88A6FCC} = {2AD6DDC9-04C8-4E3D-95BA-CC6EFC220EC4}
		{7ACCE7BF-95F6-469C-A944-CF8229CE5BA6} = {2AD6DDC9-04C8-4E3D-95BA-CC6EFC220EC4}
		{08425AEC-22DF-465A-8328-3FC5EB8998DA} = {2AD6DDC9-04C8-4E3D-95BA-CC6EFC220EC4}
		{1A0419FE-512F-42B3-BCD2-B89BDEF36CE8} = {2AD6DDC9-04C8-4E3D-95BA-CC6EFC220EC4}
		{D6DA5E6B-4913-4438-AB80-D5229F7157E7} = {2AD6DDC9-04C8-4E3D-95BA-CC6EFC220EC4}
		{E7377D08-0AB3-4BAD-AC3F-710B50BA531C} = {3AF81D77-4A51-43ED-BB03-A495B6FBABFF}
		{D223ABFA-5327-405B-8DF5-1AFF2A2F587A} = {3AF81D77-4A51-43ED-BB03-A495B6FBABFF}
		{60172B44-7DFF-4EDF-872C-D1A80C4B8166} = {9FDD7FFF-1163-4287-8C5A-F52EB7018033}
		{9FDD7FFF-1163-4287-8C5A-F52EB7018033} = {356E900C-313E-4043-8204-5D3282A9BB78}
		{11B278E8-C397-4C1B-A028-82CDF72F3B89} = {9FDD7FFF-1163-4287-8C5A-F52EB7018033}
		{630B2C54-88A0-495A-96C7-4F161E2EF1EC} = {9FDD7FFF-1163-4287-8C5A-F52EB7018033}
		{98CBF9D0-3DDC-4932-8F4B-259603EA7B8C} = {9FDD7FFF-1163-4287-8C5A-F52EB7018033}
		{72F9C4A2-3E83-49F7-8A75-31378A0711EB} = {9FDD7FFF-1163-4287-8C5A-F52EB7018033}
		{0E46BDFA-EB5C-48C1-9554-52FBA262BA8D} = {9FDD7FFF-1163-4287-8C5A-F52EB7018033}
		{1CE7947D-3062-4829-9CA2-5F58A34B2214} = {9FDD7FFF-1163-4287-8C5A-F52EB7018033}
		{88531697-327C-4136-BDC7-1906282D71EF} = {9FDD7FFF-1163-4287-8C5A-F52EB7018033}
		{B13F246B-5F64-4783-81A4-6604BB325784} = {356E900C-313E-4043-8204-5D3282A9BB78}
		{E0684227-7465-4604-8D82-43D7FC7747A8} = {B13F246B-5F64-4783-81A4-6604BB325784}
		{390F5F37-883C-4DDB-A3AA-E8FA061116BC} = {B13F246B-5F64-4783-81A4-6604BB325784}
		{ABD68505-6910-4FDD-9F1D-CFEE9B657D07} = {356E900C-313E-4043-8204-5D3282A9BB78}
		{66FD8A53-B574-41AC-816E-8876042F572B} = {ABD68505-6910-4FDD-9F1D-CFEE9B657D07}
		{440801CD-766F-4FF4-A603-D50B753FCD92} = {ABD68505-6910-4FDD-9F1D-CFEE9B657D07}
		{99A473BD-5DD3-4022-8151-7D8EDDEE0866} = {356E900C-313E-4043-8204-5D3282A9BB78}
		{4E0BCA01-7BAC-404B-84E8-9D53C93D33FD} = {99A473BD-5DD3-4022-8151-7D8EDDEE0866}
		{BAF37620-407F-4154-8C4F-BE62394A474C} = {99A473BD-5DD3-4022-8151-7D8EDDEE0866}
		{CA6FF757-DE36-48A8-AFEE-71707DA2EB30} = {99A473BD-5DD3-4022-8151-7D8EDDEE0866}
		{0B8CBD53-481C-4BA2-9F3E-6CA6776F34CE} = {99A473BD-5DD3-4022-8151-7D8EDDEE0866}
		{428025E1-508F-4502-B924-A5E2C821366A} = {99A473BD-5DD3-4022-8151-7D8EDDEE0866}
		{B6A5E255-755F-412E-8DCF-30458436E993} = {99A473BD-5DD3-4022-8151-7D8EDDEE0866}
		{4F71CE1E-5BA1-4F20-886E-CD627FA5066F} = {99A473BD-5DD3-4022-8151-7D8EDDEE0866}
		{B457094C-EBB3-4DC0-AE5E-9C2A6372F7C6} = {99A473BD-5DD3-4022-8151-7D8EDDEE0866}
		{D26C7A1A-8FCC-4491-AE04-8853BFB0886B} = {99A473BD-5DD3-4022-8151-7D8EDDEE0866}
		{F2DD5493-D78D-4D5D-8E48-538FF4620DD9} = {99A473BD-5DD3-4022-8151-7D8EDDEE0866}
		{911E479B-4563-413D-8BC7-91ECC1B04120} = {99A473BD-5DD3-4022-8151-7D8EDDEE0866}
		{1A90C5E2-51D8-4BEB-98D6-876DD5AC40A0} = {99A473BD-5DD3-4022-8151-7D8EDDEE0866}
		{D287D395-A07B-4970-8917-B1AEC30AFE8F} = {99A473BD-5DD3-4022-8151-7D8EDDEE0866}
		{B87E5A63-6105-421A-A203-B25AB16198FC} = {3C1096F8-0A07-4185-8668-F7B655AB7384}
		{3C1096F8-0A07-4185-8668-F7B655AB7384} = {356E900C-313E-4043-8204-5D3282A9BB78}
		{321888FB-CD0F-4956-8DEB-07058EAA5E14} = {3C1096F8-0A07-4185-8668-F7B655AB7384}
		{B4D4A6D7-9C94-43D2-A496-53396CD78C7B} = {3C1096F8-0A07-4185-8668-F7B655AB7384}
		{5DE2538A-0D1E-4891-A53C-0E0843E165E6} = {3C1096F8-0A07-4185-8668-F7B655AB7384}
		{476126E7-B4BE-42B9-8465-768EAE2CB7A5} = {3C1096F8-0A07-4185-8668-F7B655AB7384}
	EndGlobalSection
EndGlobal
